
Microsoft Visual Studio Solution File, Format Version 12.00
# Visual Studio Version 17
VisualStudioVersion = 17.5.33627.172
MinimumVisualStudioVersion = 10.0.40219.1
Project("{FAE04EC0-301F-11D3-BF4B-00C04F79EFBC}") = "SuperHeroCrud", "SuperHeroCrud\SuperHeroCrud.csproj", "{220CA262-D0BB-4EC7-815A-9FD7A78A31F0}"
EndProject
Global
	GlobalSection(SolutionConfigurationPlatforms) = preSolution
		Debug|Any CPU = Debug|Any CPU
		Release|Any CPU = Release|Any CPU
	EndGlobalSection
	GlobalSection(ProjectConfigurationPlatforms) = postSolution
		{220CA262-D0BB-4EC7-815A-9FD7A78A31F0}.Debug|Any CPU.ActiveCfg = Debug|Any CPU
		{220CA262-D0BB-4EC7-815A-9FD7A78A31F0}.Debug|Any CPU.Build.0 = Debug|Any CPU
		{220CA262-D0BB-4EC7-815A-9FD7A78A31F0}.Release|Any CPU.ActiveCfg = Release|Any CPU
		{220CA262-D0BB-4EC7-815A-9FD7A78A31F0}.Release|Any CPU.Build.0 = Release|Any CPU
	EndGlobalSection
	GlobalSection(SolutionProperties) = preSolution
		HideSolutionNode = FALSE
	EndGlobalSection
	GlobalSection(ExtensibilityGlobals) = postSolution
		SolutionGuid = {775B11FA-4509-4761-8C1D-E78B25CC0FDC}
	EndGlobalSection
EndGlobal
